# THIS IS AN AUTOGENERATED FILE. DO NOT EDIT THIS FILE DIRECTLY.
# yarn lockfile v1


"@sindresorhus/is@^0.14.0":
  version "0.14.0"
  resolved "https://registry.npm.taobao.org/@sindresorhus/is/download/@sindresorhus/is-0.14.0.tgz?cache=0&sync_timestamp=1570165113752&other_urls=https%3A%2F%2Fregistry.npm.taobao.org%2F%40sindresorhus%2Fis%2Fdownload%2F%40sindresorhus%2Fis-0.14.0.tgz#9fb3a3cf3132328151f353de4632e01e52102bea"
  integrity sha1-n7OjzzEyMoFR81PeRjLgHlIQK+o=

"@szmarczak/http-timer@^1.1.2":
  version "1.1.2"
  resolved "https://registry.npm.taobao.org/@szmarczak/http-timer/download/@szmarczak/http-timer-1.1.2.tgz#b1665e2c461a2cd92f4c1bbf50d5454de0d4b421"
  integrity sha1-sWZeLEYaLNkvTBu/UNVFTeDUtCE=
  dependencies:
    defer-to-connect "^1.0.1"

accepts@~1.3.7:
  version "1.3.7"
  resolved "https://registry.npm.taobao.org/accepts/download/accepts-1.3.7.tgz#531bc726517a3b2b41f850021c6cc15eaab507cd"
  integrity sha1-UxvHJlF6OytB+FACHGzBXqq1B80=
  dependencies:
    mime-types "~2.1.24"
    negotiator "0.6.2"

array-flatten@1.1.1:
  version "1.1.1"
  resolved "https://registry.npm.taobao.org/array-flatten/download/array-flatten-1.1.1.tgz?cache=0&sync_timestamp=1574313293899&other_urls=https%3A%2F%2Fregistry.npm.taobao.org%2Farray-flatten%2Fdownload%2Farray-flatten-1.1.1.tgz#9a5f699051b1e7073328f2a008968b64ea2955d2"
  integrity sha1-ml9pkFGx5wczKPKgCJaLZOopVdI=

bluebird@3.5.1:
  version "3.5.1"
  resolved "https://registry.npm.taobao.org/bluebird/download/bluebird-3.5.1.tgz?cache=0&other_urls=https%3A%2F%2Fregistry.npm.taobao.org%2Fbluebird%2Fdownload%2Fbluebird-3.5.1.tgz#d9551f9de98f1fcda1e683d17ee91a0602ee2eb9"
  integrity sha1-2VUfnemPH82h5oPRfukaBgLuLrk=

body-parser@1.19.0:
  version "1.19.0"
  resolved "https://registry.npm.taobao.org/body-parser/download/body-parser-1.19.0.tgz?cache=0&sync_timestamp=1572571363402&other_urls=https%3A%2F%2Fregistry.npm.taobao.org%2Fbody-parser%2Fdownload%2Fbody-parser-1.19.0.tgz#96b2709e57c9c4e09a6fd66a8fd979844f69f08a"
  integrity sha1-lrJwnlfJxOCab9Zqj9l5hE9p8Io=
  dependencies:
    bytes "3.1.0"
    content-type "~1.0.4"
    debug "2.6.9"
    depd "~1.1.2"
    http-errors "1.7.2"
    iconv-lite "0.4.24"
    on-finished "~2.3.0"
    qs "6.7.0"
    raw-body "2.4.0"
    type-is "~1.6.17"

bson@^1.1.1, bson@~1.1.1:
  version "1.1.6"
  resolved "https://registry.yarnpkg.com/bson/-/bson-1.1.6.tgz#fb819be9a60cd677e0853aee4ca712a785d6618a"
  integrity sha512-EvVNVeGo4tHxwi8L6bPj3y3itEvStdwvvlojVxxbyYfoaxJ6keLgrTuKdyfEAszFK+H3olzBuafE0yoh0D1gdg==

bytes@3.1.0:
  version "3.1.0"
  resolved "https://registry.npm.taobao.org/bytes/download/bytes-3.1.0.tgz#f6cf7933a360e0588fa9fde85651cdc7f805d1f6"
  integrity sha1-9s95M6Ng4FiPqf3oVlHNx/gF0fY=

cacheable-request@^6.0.0:
  version "6.1.0"
  resolved "https://registry.npm.taobao.org/cacheable-request/download/cacheable-request-6.1.0.tgz?cache=0&other_urls=https%3A%2F%2Fregistry.npm.taobao.org%2Fcacheable-request%2Fdownload%2Fcacheable-request-6.1.0.tgz#20ffb8bd162ba4be11e9567d823db651052ca912"
  integrity sha1-IP+4vRYrpL4R6VZ9gj22UQUsqRI=
  dependencies:
    clone-response "^1.0.2"
    get-stream "^5.1.0"
    http-cache-semantics "^4.0.0"
    keyv "^3.0.0"
    lowercase-keys "^2.0.0"
    normalize-url "^4.1.0"
    responselike "^1.0.2"

clone-response@^1.0.2:
  version "1.0.2"
  resolved "https://registry.npm.taobao.org/clone-response/download/clone-response-1.0.2.tgz#d1dc973920314df67fbeb94223b4ee350239e96b"
  integrity sha1-0dyXOSAxTfZ/vrlCI7TuNQI56Ws=
  dependencies:
    mimic-response "^1.0.0"

content-disposition@0.5.3:
  version "0.5.3"
  resolved "https://registry.npm.taobao.org/content-disposition/download/content-disposition-0.5.3.tgz#e130caf7e7279087c5616c2007d0485698984fbd"
  integrity sha1-4TDK9+cnkIfFYWwgB9BIVpiYT70=
  dependencies:
    safe-buffer "5.1.2"

content-type@~1.0.4:
  version "1.0.4"
  resolved "https://registry.npm.taobao.org/content-type/download/content-type-1.0.4.tgz#e138cc75e040c727b1966fe5e5f8c9aee256fe3b"
  integrity sha1-4TjMdeBAxyexlm/l5fjJruJW/js=

cookie-signature@1.0.6:
  version "1.0.6"
  resolved "https://registry.npm.taobao.org/cookie-signature/download/cookie-signature-1.0.6.tgz#e303a882b342cc3ee8ca513a79999734dab3ae2c"
  integrity sha1-4wOogrNCzD7oylE6eZmXNNqzriw=

cookie@0.4.0:
  version "0.4.0"
  resolved "https://registry.npm.taobao.org/cookie/download/cookie-0.4.0.tgz#beb437e7022b3b6d49019d088665303ebe9c14ba"
  integrity sha1-vrQ35wIrO21JAZ0IhmUwPr6cFLo=

date-fns@2.4.1:
  version "2.4.1"
  resolved "https://registry.npm.taobao.org/date-fns/download/date-fns-2.4.1.tgz?cache=0&other_urls=https%3A%2F%2Fregistry.npm.taobao.org%2Fdate-fns%2Fdownload%2Fdate-fns-2.4.1.tgz#b53f9bb65ae6bd9239437035710e01cf383b625e"
  integrity sha1-tT+btlrmvZI5Q3A1cQ4Bzzg7Yl4=

debug@2.6.9:
  version "2.6.9"
  resolved "https://registry.npm.taobao.org/debug/download/debug-2.6.9.tgz#5d128515df134ff327e90a4c93f4e077a536341f"
  integrity sha1-XRKFFd8TT/Mn6QpMk/Tgd6U2NB8=
  dependencies:
    ms "2.0.0"

debug@3.1.0:
  version "3.1.0"
  resolved "https://registry.npm.taobao.org/debug/download/debug-3.1.0.tgz#5bb5a0672628b64149566ba16819e61518c67261"
  integrity sha1-W7WgZyYotkFJVmuhaBnmFRjGcmE=
  dependencies:
    ms "2.0.0"

debug@4.1.1:
  version "4.1.1"
  resolved "https://registry.npm.taobao.org/debug/download/debug-4.1.1.tgz#3b72260255109c6b589cee050f1d516139664791"
  integrity sha1-O3ImAlUQnGtYnO4FDx1RYTlmR5E=
  dependencies:
    ms "^2.1.1"

decompress-response@^3.3.0:
  version "3.3.0"
  resolved "https://registry.npm.taobao.org/decompress-response/download/decompress-response-3.3.0.tgz?cache=0&other_urls=https%3A%2F%2Fregistry.npm.taobao.org%2Fdecompress-response%2Fdownload%2Fdecompress-response-3.3.0.tgz#80a4dd323748384bfa248083622aedec982adff3"
  integrity sha1-gKTdMjdIOEv6JICDYirt7Jgq3/M=
  dependencies:
    mimic-response "^1.0.0"

defer-to-connect@^1.0.1:
  version "1.1.1"
  resolved "https://registry.npm.taobao.org/defer-to-connect/download/defer-to-connect-1.1.1.tgz#88ae694b93f67b81815a2c8c769aef6574ac8f2f"
  integrity sha1-iK5pS5P2e4GBWiyMdprvZXSsjy8=

define-properties@^1.1.2, define-properties@^1.1.3:
  version "1.1.3"
  resolved "https://registry.npm.taobao.org/define-properties/download/define-properties-1.1.3.tgz#cf88da6cbee26fe6db7094f61d870cbd84cee9f1"
  integrity sha1-z4jabL7ib+bbcJT2HYcMvYTO6fE=
  dependencies:
    object-keys "^1.0.12"

depd@~1.1.2:
  version "1.1.2"
  resolved "https://registry.npm.taobao.org/depd/download/depd-1.1.2.tgz#9bcd52e14c097763e749b274c4346ed2e560b5a9"
  integrity sha1-m81S4UwJd2PnSbJ0xDRu0uVgtak=

destroy@~1.0.4:
  version "1.0.4"
  resolved "https://registry.npm.taobao.org/destroy/download/destroy-1.0.4.tgz#978857442c44749e4206613e37946205826abd80"
  integrity sha1-l4hXRCxEdJ5CBmE+N5RiBYJqvYA=

duplexer3@^0.1.4:
  version "0.1.4"
  resolved "https://registry.npm.taobao.org/duplexer3/download/duplexer3-0.1.4.tgz#ee01dd1cac0ed3cbc7fdbea37dc0a8f1ce002ce2"
  integrity sha1-7gHdHKwO08vH/b6jfcCo8c4ALOI=

ee-first@1.1.1:
  version "1.1.1"
  resolved "https://registry.npm.taobao.org/ee-first/download/ee-first-1.1.1.tgz#590c61156b0ae2f4f0255732a158b266bc56b21d"
  integrity sha1-WQxhFWsK4vTwJVcyoViyZrxWsh0=

encodeurl@~1.0.2:
  version "1.0.2"
  resolved "https://registry.npm.taobao.org/encodeurl/download/encodeurl-1.0.2.tgz#ad3ff4c86ec2d029322f5a02c3a9a606c95b3f59"
  integrity sha1-rT/0yG7C0CkyL1oCw6mmBslbP1k=

end-of-stream@^1.1.0:
  version "1.4.4"
  resolved "https://registry.npm.taobao.org/end-of-stream/download/end-of-stream-1.4.4.tgz#5ae64a5f45057baf3626ec14da0ca5e4b2431eb0"
  integrity sha1-WuZKX0UFe682JuwU2gyl5LJDHrA=
  dependencies:
    once "^1.4.0"

es-abstract@^1.17.0-next.1:
  version "1.17.0"
  resolved "https://registry.npm.taobao.org/es-abstract/download/es-abstract-1.17.0.tgz#f42a517d0036a5591dbb2c463591dc8bb50309b1"
  integrity sha1-9CpRfQA2pVkduyxGNZHci7UDCbE=
  dependencies:
    es-to-primitive "^1.2.1"
    function-bind "^1.1.1"
    has "^1.0.3"
    has-symbols "^1.0.1"
    is-callable "^1.1.5"
    is-regex "^1.0.5"
    object-inspect "^1.7.0"
    object-keys "^1.1.1"
    object.assign "^4.1.0"
    string.prototype.trimleft "^2.1.1"
    string.prototype.trimright "^2.1.1"

es-to-primitive@^1.2.1:
  version "1.2.1"
  resolved "https://registry.npm.taobao.org/es-to-primitive/download/es-to-primitive-1.2.1.tgz?cache=0&sync_timestamp=1573280919382&other_urls=https%3A%2F%2Fregistry.npm.taobao.org%2Fes-to-primitive%2Fdownload%2Fes-to-primitive-1.2.1.tgz#e55cd4c9cdc188bcefb03b366c736323fc5c898a"
  integrity sha1-5VzUyc3BiLzvsDs2bHNjI/xciYo=
  dependencies:
    is-callable "^1.1.4"
    is-date-object "^1.0.1"
    is-symbol "^1.0.2"

escape-html@~1.0.3:
  version "1.0.3"
  resolved "https://registry.npm.taobao.org/escape-html/download/escape-html-1.0.3.tgz#0258eae4d3d0c0974de1c169188ef0051d1d1988"
  integrity sha1-Aljq5NPQwJdN4cFpGI7wBR0dGYg=

etag@~1.8.1:
  version "1.8.1"
  resolved "https://registry.npm.taobao.org/etag/download/etag-1.8.1.tgz?cache=0&sync_timestamp=1572571377789&other_urls=https%3A%2F%2Fregistry.npm.taobao.org%2Fetag%2Fdownload%2Fetag-1.8.1.tgz#41ae2eeb65efa62268aebfea83ac7d79299b0887"
  integrity sha1-Qa4u62XvpiJorr/qg6x9eSmbCIc=

express@^4.17.1:
  version "4.17.1"
  resolved "https://registry.npm.taobao.org/express/download/express-4.17.1.tgz?cache=0&sync_timestamp=1572571365106&other_urls=https%3A%2F%2Fregistry.npm.taobao.org%2Fexpress%2Fdownload%2Fexpress-4.17.1.tgz#4491fc38605cf51f8629d39c2b5d026f98a4c134"
  integrity sha1-RJH8OGBc9R+GKdOcK10Cb5ikwTQ=
  dependencies:
    accepts "~1.3.7"
    array-flatten "1.1.1"
    body-parser "1.19.0"
    content-disposition "0.5.3"
    content-type "~1.0.4"
    cookie "0.4.0"
    cookie-signature "1.0.6"
    debug "2.6.9"
    depd "~1.1.2"
    encodeurl "~1.0.2"
    escape-html "~1.0.3"
    etag "~1.8.1"
    finalhandler "~1.1.2"
    fresh "0.5.2"
    merge-descriptors "1.0.1"
    methods "~1.1.2"
    on-finished "~2.3.0"
    parseurl "~1.3.3"
    path-to-regexp "0.1.7"
    proxy-addr "~2.0.5"
    qs "6.7.0"
    range-parser "~1.2.1"
    safe-buffer "5.1.2"
    send "0.17.1"
    serve-static "1.14.1"
    setprototypeof "1.1.1"
    statuses "~1.5.0"
    type-is "~1.6.18"
    utils-merge "1.0.1"
    vary "~1.1.2"

finalhandler@~1.1.2:
  version "1.1.2"
  resolved "https://registry.npm.taobao.org/finalhandler/download/finalhandler-1.1.2.tgz#b7e7d000ffd11938d0fdb053506f6ebabe9f587d"
  integrity sha1-t+fQAP/RGTjQ/bBTUG9uur6fWH0=
  dependencies:
    debug "2.6.9"
    encodeurl "~1.0.2"
    escape-html "~1.0.3"
    on-finished "~2.3.0"
    parseurl "~1.3.3"
    statuses "~1.5.0"
    unpipe "~1.0.0"

forwarded@~0.1.2:
  version "0.1.2"
  resolved "https://registry.npm.taobao.org/forwarded/download/forwarded-0.1.2.tgz#98c23dab1175657b8c0573e8ceccd91b0ff18c84"
  integrity sha1-mMI9qxF1ZXuMBXPozszZGw/xjIQ=

fresh@0.5.2:
  version "0.5.2"
  resolved "https://registry.npm.taobao.org/fresh/download/fresh-0.5.2.tgz?cache=0&sync_timestamp=1572571377988&other_urls=https%3A%2F%2Fregistry.npm.taobao.org%2Ffresh%2Fdownload%2Ffresh-0.5.2.tgz#3d8cadd90d976569fa835ab1f8e4b23a105605a7"
  integrity sha1-PYyt2Q2XZWn6g1qx+OSyOhBWBac=

function-bind@^1.1.1:
  version "1.1.1"
  resolved "https://registry.npm.taobao.org/function-bind/download/function-bind-1.1.1.tgz#a56899d3ea3c9bab874bb9773b7c5ede92f4895d"
  integrity sha1-pWiZ0+o8m6uHS7l3O3xe3pL0iV0=

get-stream@^4.1.0:
  version "4.1.0"
  resolved "https://registry.npm.taobao.org/get-stream/download/get-stream-4.1.0.tgz#c1b255575f3dc21d59bfc79cd3d2b46b1c3a54b5"
  integrity sha1-wbJVV189wh1Zv8ec09K0axw6VLU=
  dependencies:
    pump "^3.0.0"

get-stream@^5.1.0:
  version "5.1.0"
  resolved "https://registry.npm.taobao.org/get-stream/download/get-stream-5.1.0.tgz#01203cdc92597f9b909067c3e656cc1f4d3c4dc9"
  integrity sha1-ASA83JJZf5uQkGfD5lbMH008Tck=
  dependencies:
    pump "^3.0.0"

got@9.6.0:
  version "9.6.0"
  resolved "https://registry.npm.taobao.org/got/download/got-9.6.0.tgz#edf45e7d67f99545705de1f7bbeeeb121765ed85"
  integrity sha1-7fRefWf5lUVwXeH3u+7rEhdl7YU=
  dependencies:
    "@sindresorhus/is" "^0.14.0"
    "@szmarczak/http-timer" "^1.1.2"
    cacheable-request "^6.0.0"
    decompress-response "^3.3.0"
    duplexer3 "^0.1.4"
    get-stream "^4.1.0"
    lowercase-keys "^1.0.1"
    mimic-response "^1.0.1"
    p-cancelable "^1.0.0"
    to-readable-stream "^1.0.0"
    url-parse-lax "^3.0.0"

has-symbols@^1.0.0, has-symbols@^1.0.1:
  version "1.0.1"
  resolved "https://registry.npm.taobao.org/has-symbols/download/has-symbols-1.0.1.tgz?cache=0&sync_timestamp=1573951617802&other_urls=https%3A%2F%2Fregistry.npm.taobao.org%2Fhas-symbols%2Fdownload%2Fhas-symbols-1.0.1.tgz#9f5214758a44196c406d9bd76cebf81ec2dd31e8"
  integrity sha1-n1IUdYpEGWxAbZvXbOv4HsLdMeg=

has@^1.0.3:
  version "1.0.3"
  resolved "https://registry.npm.taobao.org/has/download/has-1.0.3.tgz#722d7cbfc1f6aa8241f16dd814e011e1f41e8796"
  integrity sha1-ci18v8H2qoJB8W3YFOAR4fQeh5Y=
  dependencies:
    function-bind "^1.1.1"

http-cache-semantics@^4.0.0:
  version "4.0.3"
  resolved "https://registry.npm.taobao.org/http-cache-semantics/download/http-cache-semantics-4.0.3.tgz#495704773277eeef6e43f9ab2c2c7d259dda25c5"
  integrity sha1-SVcEdzJ37u9uQ/mrLCx9JZ3aJcU=

http-errors@1.7.2:
  version "1.7.2"
  resolved "https://registry.npm.taobao.org/http-errors/download/http-errors-1.7.2.tgz#4f5029cf13239f31036e5b2e55292bcfbcc85c8f"
  integrity sha1-T1ApzxMjnzEDblsuVSkrz7zIXI8=
  dependencies:
    depd "~1.1.2"
    inherits "2.0.3"
    setprototypeof "1.1.1"
    statuses ">= 1.5.0 < 2"
    toidentifier "1.0.0"

http-errors@~1.7.2:
  version "1.7.3"
  resolved "https://registry.npm.taobao.org/http-errors/download/http-errors-1.7.3.tgz#6c619e4f9c60308c38519498c14fbb10aacebb06"
  integrity sha1-bGGeT5xgMIw4UZSYwU+7EKrOuwY=
  dependencies:
    depd "~1.1.2"
    inherits "2.0.4"
    setprototypeof "1.1.1"
    statuses ">= 1.5.0 < 2"
    toidentifier "1.0.0"

iconv-lite@0.4.24:
  version "0.4.24"
  resolved "https://registry.npm.taobao.org/iconv-lite/download/iconv-lite-0.4.24.tgz#2022b4b25fbddc21d2f524974a474aafe733908b"
  integrity sha1-ICK0sl+93CHS9SSXSkdKr+czkIs=
  dependencies:
    safer-buffer ">= 2.1.2 < 3"

inherits@2.0.3:
  version "2.0.3"
  resolved "https://registry.npm.taobao.org/inherits/download/inherits-2.0.3.tgz#633c2c83e3da42a502f52466022480f4208261de"
  integrity sha1-Yzwsg+PaQqUC9SRmAiSA9CCCYd4=

inherits@2.0.4:
  version "2.0.4"
  resolved "https://registry.npm.taobao.org/inherits/download/inherits-2.0.4.tgz#0fa2c64f932917c3433a0ded55363aae37416b7c"
  integrity sha1-D6LGT5MpF8NDOg3tVTY6rjdBa3w=

ipaddr.js@1.9.0:
  version "1.9.0"
  resolved "https://registry.npm.taobao.org/ipaddr.js/download/ipaddr.js-1.9.0.tgz#37df74e430a0e47550fe54a2defe30d8acd95f65"
  integrity sha1-N9905DCg5HVQ/lSi3v4w2KzZX2U=

is-callable@^1.1.4, is-callable@^1.1.5:
  version "1.1.5"
  resolved "https://registry.npm.taobao.org/is-callable/download/is-callable-1.1.5.tgz?cache=0&sync_timestamp=1576778603160&other_urls=https%3A%2F%2Fregistry.npm.taobao.org%2Fis-callable%2Fdownload%2Fis-callable-1.1.5.tgz#f7e46b596890456db74e7f6e976cb3273d06faab"
  integrity sha1-9+RrWWiQRW23Tn9ul2yzJz0G+qs=

is-date-object@^1.0.1:
  version "1.0.2"
  resolved "https://registry.npm.taobao.org/is-date-object/download/is-date-object-1.0.2.tgz#bda736f2cd8fd06d32844e7743bfa7494c3bfd7e"
  integrity sha1-vac28s2P0G0yhE53Q7+nSUw7/X4=

is-regex@^1.0.5:
  version "1.0.5"
  resolved "https://registry.npm.taobao.org/is-regex/download/is-regex-1.0.5.tgz?cache=0&other_urls=https%3A%2F%2Fregistry.npm.taobao.org%2Fis-regex%2Fdownload%2Fis-regex-1.0.5.tgz#39d589a358bf18967f726967120b8fc1aed74eae"
  integrity sha1-OdWJo1i/GJZ/cmlnEguPwa7XTq4=
  dependencies:
    has "^1.0.3"

is-symbol@^1.0.2:
  version "1.0.3"
  resolved "https://registry.npm.taobao.org/is-symbol/download/is-symbol-1.0.3.tgz?cache=0&sync_timestamp=1574296387814&other_urls=https%3A%2F%2Fregistry.npm.taobao.org%2Fis-symbol%2Fdownload%2Fis-symbol-1.0.3.tgz#38e1014b9e6329be0de9d24a414fd7441ec61937"
  integrity sha1-OOEBS55jKb4N6dJKQU/XRB7GGTc=
  dependencies:
    has-symbols "^1.0.1"

json-buffer@3.0.0:
  version "3.0.0"
  resolved "https://registry.npm.taobao.org/json-buffer/download/json-buffer-3.0.0.tgz#5b1f397afc75d677bde8bcfc0e47e1f9a3d9a898"
  integrity sha1-Wx85evx11ne96Lz8Dkfh+aPZqJg=

kareem@2.3.1:
  version "2.3.1"
  resolved "https://registry.npm.taobao.org/kareem/download/kareem-2.3.1.tgz#def12d9c941017fabfb00f873af95e9c99e1be87"
  integrity sha1-3vEtnJQQF/q/sA+HOvlenJnhvoc=

keyv@^3.0.0:
  version "3.1.0"
  resolved "https://registry.npm.taobao.org/keyv/download/keyv-3.1.0.tgz?cache=0&sync_timestamp=1573884297378&other_urls=https%3A%2F%2Fregistry.npm.taobao.org%2Fkeyv%2Fdownload%2Fkeyv-3.1.0.tgz#ecc228486f69991e49e9476485a5be1e8fc5c4d9"
  integrity sha1-7MIoSG9pmR5J6UdkhaW+Ho/FxNk=
  dependencies:
    json-buffer "3.0.0"

lodash.isempty@4.4.0:
  version "4.4.0"
  resolved "https://registry.npm.taobao.org/lodash.isempty/download/lodash.isempty-4.4.0.tgz#6f86cbedd8be4ec987be9aaf33c9684db1b31e7e"
  integrity sha1-b4bL7di+TsmHvpqvM8loTbGzHn4=

lowercase-keys@^1.0.0, lowercase-keys@^1.0.1:
  version "1.0.1"
  resolved "https://registry.npm.taobao.org/lowercase-keys/download/lowercase-keys-1.0.1.tgz#6f9e30b47084d971a7c820ff15a6c5167b74c26f"
  integrity sha1-b54wtHCE2XGnyCD/FabFFnt0wm8=

lowercase-keys@^2.0.0:
  version "2.0.0"
  resolved "https://registry.npm.taobao.org/lowercase-keys/download/lowercase-keys-2.0.0.tgz#2603e78b7b4b0006cbca2fbcc8a3202558ac9479"
  integrity sha1-JgPni3tLAAbLyi+8yKMgJVislHk=

media-typer@0.3.0:
  version "0.3.0"
  resolved "https://registry.npm.taobao.org/media-typer/download/media-typer-0.3.0.tgz#8710d7af0aa626f8fffa1ce00168545263255748"
  integrity sha1-hxDXrwqmJvj/+hzgAWhUUmMlV0g=

merge-descriptors@1.0.1:
  version "1.0.1"
  resolved "https://registry.npm.taobao.org/merge-descriptors/download/merge-descriptors-1.0.1.tgz#b00aaa556dd8b44568150ec9d1b953f3f90cbb61"
  integrity sha1-sAqqVW3YtEVoFQ7J0blT8/kMu2E=

methods@~1.1.2:
  version "1.1.2"
  resolved "https://registry.npm.taobao.org/methods/download/methods-1.1.2.tgz#5529a4d67654134edcc5266656835b0f851afcee"
  integrity sha1-VSmk1nZUE07cxSZmVoNbD4Ua/O4=

mime-db@1.42.0:
  version "1.42.0"
  resolved "https://registry.npm.taobao.org/mime-db/download/mime-db-1.42.0.tgz#3e252907b4c7adb906597b4b65636272cf9e7bac"
  integrity sha1-PiUpB7THrbkGWXtLZWNics+ee6w=

mime-types@~2.1.24:
  version "2.1.25"
  resolved "https://registry.npm.taobao.org/mime-types/download/mime-types-2.1.25.tgz#39772d46621f93e2a80a856c53b86a62156a6437"
  integrity sha1-OXctRmIfk+KoCoVsU7hqYhVqZDc=
  dependencies:
    mime-db "1.42.0"

mime@1.6.0:
  version "1.6.0"
  resolved "https://registry.npm.taobao.org/mime/download/mime-1.6.0.tgz#32cd9e5c64553bd58d19a568af452acff04981b1"
  integrity sha1-Ms2eXGRVO9WNGaVor0Uqz/BJgbE=

mimic-response@^1.0.0, mimic-response@^1.0.1:
  version "1.0.1"
  resolved "https://registry.npm.taobao.org/mimic-response/download/mimic-response-1.0.1.tgz#4923538878eef42063cb8a3e3b0798781487ab1b"
  integrity sha1-SSNTiHju9CBjy4o+OweYeBSHqxs=

mongodb@3.3.2:
  version "3.3.2"
  resolved "https://registry.npm.taobao.org/mongodb/download/mongodb-3.3.2.tgz#ff086b5f552cf07e24ce098694210f3d42d668b2"
  integrity sha1-/whrX1Us8H4kzgmGlCEPPULWaLI=
  dependencies:
    bson "^1.1.1"
    require_optional "^1.0.1"
    safe-buffer "^5.1.2"

mongoose-legacy-pluralize@1.0.2:
  version "1.0.2"
  resolved "https://registry.npm.taobao.org/mongoose-legacy-pluralize/download/mongoose-legacy-pluralize-1.0.2.tgz#3ba9f91fa507b5186d399fb40854bff18fb563e4"
  integrity sha1-O6n5H6UHtRhtOZ+0CFS/8Y+1Y+Q=

mongoose@5.7.5:
  version "5.7.5"
  resolved "https://registry.npm.taobao.org/mongoose/download/mongoose-5.7.5.tgz#b787b47216edf62036aa358c3ef0f1869c46cdc2"
  integrity sha1-t4e0chbt9iA2qjWMPvDxhpxGzcI=
  dependencies:
    bson "~1.1.1"
    kareem "2.3.1"
    mongodb "3.3.2"
    mongoose-legacy-pluralize "1.0.2"
    mpath "0.6.0"
    mquery "3.2.2"
    ms "2.1.2"
    regexp-clone "1.0.0"
    safe-buffer "5.1.2"
    sift "7.0.1"
    sliced "1.0.1"

mpath@0.6.0:
  version "0.6.0"
  resolved "https://registry.npm.taobao.org/mpath/download/mpath-0.6.0.tgz#aa922029fca4f0f641f360e74c5c1b6a4c47078e"
  integrity sha1-qpIgKfyk8PZB82DnTFwbakxHB44=

mquery@3.2.2:
  version "3.2.2"
  resolved "https://registry.npm.taobao.org/mquery/download/mquery-3.2.2.tgz#e1383a3951852ce23e37f619a9b350f1fb3664e7"
  integrity sha1-4Tg6OVGFLOI+N/YZqbNQ8fs2ZOc=
  dependencies:
    bluebird "3.5.1"
    debug "3.1.0"
    regexp-clone "^1.0.0"
    safe-buffer "5.1.2"
    sliced "1.0.1"

ms@2.0.0:
  version "2.0.0"
  resolved "https://registry.npm.taobao.org/ms/download/ms-2.0.0.tgz#5608aeadfc00be6c2901df5f9861788de0d597c8"
  integrity sha1-VgiurfwAvmwpAd9fmGF4jeDVl8g=

ms@2.1.1:
  version "2.1.1"
  resolved "https://registry.npm.taobao.org/ms/download/ms-2.1.1.tgz#30a5864eb3ebb0a66f2ebe6d727af06a09d86e0a"
  integrity sha1-MKWGTrPrsKZvLr5tcnrwagnYbgo=

ms@2.1.2, ms@^2.1.1:
  version "2.1.2"
  resolved "https://registry.npm.taobao.org/ms/download/ms-2.1.2.tgz#d09d1f357b443f493382a8eb3ccd183872ae6009"
  integrity sha1-0J0fNXtEP0kzgqjrPM0YOHKuYAk=

negotiator@0.6.2:
  version "0.6.2"
  resolved "https://registry.npm.taobao.org/negotiator/download/negotiator-0.6.2.tgz#feacf7ccf525a77ae9634436a64883ffeca346fb"
  integrity sha1-/qz3zPUlp3rpY0Q2pkiD/+yjRvs=

normalize-url@^4.1.0:
  version "4.5.0"
  resolved "https://registry.npm.taobao.org/normalize-url/download/normalize-url-4.5.0.tgz#453354087e6ca96957bd8f5baf753f5982142129"
  integrity sha1-RTNUCH5sqWlXvY9br3U/WYIUISk=

object-inspect@^1.7.0:
  version "1.7.0"
  resolved "https://registry.npm.taobao.org/object-inspect/download/object-inspect-1.7.0.tgz#f4f6bd181ad77f006b5ece60bd0b6f398ff74a67"
  integrity sha1-9Pa9GBrXfwBrXs5gvQtvOY/3Smc=

object-keys@^1.0.11, object-keys@^1.0.12, object-keys@^1.1.1:
  version "1.1.1"
  resolved "https://registry.npm.taobao.org/object-keys/download/object-keys-1.1.1.tgz#1c47f272df277f3b1daf061677d9c82e2322c60e"
  integrity sha1-HEfyct8nfzsdrwYWd9nILiMixg4=

object.assign@^4.1.0:
  version "4.1.0"
  resolved "https://registry.npm.taobao.org/object.assign/download/object.assign-4.1.0.tgz#968bf1100d7956bb3ca086f006f846b3bc4008da"
  integrity sha1-lovxEA15Vrs8oIbwBvhGs7xACNo=
  dependencies:
    define-properties "^1.1.2"
    function-bind "^1.1.1"
    has-symbols "^1.0.0"
    object-keys "^1.0.11"

object.getownpropertydescriptors@^2.0.3:
  version "2.1.0"
  resolved "https://registry.npm.taobao.org/object.getownpropertydescriptors/download/object.getownpropertydescriptors-2.1.0.tgz#369bf1f9592d8ab89d712dced5cb81c7c5352649"
  integrity sha1-Npvx+VktiridcS3O1cuBx8U1Jkk=
  dependencies:
    define-properties "^1.1.3"
    es-abstract "^1.17.0-next.1"

on-finished@~2.3.0:
  version "2.3.0"
  resolved "https://registry.npm.taobao.org/on-finished/download/on-finished-2.3.0.tgz#20f1336481b083cd75337992a16971aa2d906947"
  integrity sha1-IPEzZIGwg811M3mSoWlxqi2QaUc=
  dependencies:
    ee-first "1.1.1"

once@^1.3.1, once@^1.4.0:
  version "1.4.0"
  resolved "https://registry.npm.taobao.org/once/download/once-1.4.0.tgz#583b1aa775961d4b113ac17d9c50baef9dd76bd1"
  integrity sha1-WDsap3WWHUsROsF9nFC6753Xa9E=
  dependencies:
    wrappy "1"

p-cancelable@^1.0.0:
  version "1.1.0"
  resolved "https://registry.npm.taobao.org/p-cancelable/download/p-cancelable-1.1.0.tgz#d078d15a3af409220c886f1d9a0ca2e441ab26cc"
  integrity sha1-0HjRWjr0CSIMiG8dmgyi5EGrJsw=

parseurl@~1.3.3:
  version "1.3.3"
  resolved "https://registry.npm.taobao.org/parseurl/download/parseurl-1.3.3.tgz#9da19e7bee8d12dff0513ed5b76957793bc2e8d4"
  integrity sha1-naGee+6NEt/wUT7Vt2lXeTvC6NQ=

path-to-regexp@0.1.7:
  version "0.1.7"
  resolved "https://registry.npm.taobao.org/path-to-regexp/download/path-to-regexp-0.1.7.tgz#df604178005f522f15eb4490e7247a1bfaa67f8c"
  integrity sha1-32BBeABfUi8V60SQ5yR6G/qmf4w=

prepend-http@^2.0.0:
  version "2.0.0"
  resolved "https://registry.npm.taobao.org/prepend-http/download/prepend-http-2.0.0.tgz#e92434bfa5ea8c19f41cdfd401d741a3c819d897"
  integrity sha1-6SQ0v6XqjBn0HN/UAddBo8gZ2Jc=

proxy-addr@~2.0.5:
  version "2.0.5"
  resolved "https://registry.npm.taobao.org/proxy-addr/download/proxy-addr-2.0.5.tgz#34cbd64a2d81f4b1fd21e76f9f06c8a45299ee34"
  integrity sha1-NMvWSi2B9LH9IedvnwbIpFKZ7jQ=
  dependencies:
    forwarded "~0.1.2"
    ipaddr.js "1.9.0"

pump@^3.0.0:
  version "3.0.0"
  resolved "https://registry.npm.taobao.org/pump/download/pump-3.0.0.tgz#b4a2116815bde2f4e1ea602354e8c75565107a64"
  integrity sha1-tKIRaBW94vTh6mAjVOjHVWUQemQ=
  dependencies:
    end-of-stream "^1.1.0"
    once "^1.3.1"

qs@6.7.0:
  version "6.7.0"
  resolved "https://registry.npm.taobao.org/qs/download/qs-6.7.0.tgz#41dc1a015e3d581f1621776be31afb2876a9b1bc"
  integrity sha1-QdwaAV49WB8WIXdr4xr7KHapsbw=

range-parser@~1.2.1:
  version "1.2.1"
  resolved "https://registry.npm.taobao.org/range-parser/download/range-parser-1.2.1.tgz#3cf37023d199e1c24d1a55b84800c2f3e6468031"
  integrity sha1-PPNwI9GZ4cJNGlW4SADC8+ZGgDE=

raw-body@2.4.0:
  version "2.4.0"
  resolved "https://registry.npm.taobao.org/raw-body/download/raw-body-2.4.0.tgz#a1ce6fb9c9bc356ca52e89256ab59059e13d0332"
  integrity sha1-oc5vucm8NWylLoklarWQWeE9AzI=
  dependencies:
    bytes "3.1.0"
    http-errors "1.7.2"
    iconv-lite "0.4.24"
    unpipe "1.0.0"

regexp-clone@1.0.0, regexp-clone@^1.0.0:
  version "1.0.0"
  resolved "https://registry.npm.taobao.org/regexp-clone/download/regexp-clone-1.0.0.tgz#222db967623277056260b992626354a04ce9bf63"
  integrity sha1-Ii25Z2IydwViYLmSYmNUoEzpv2M=

require_optional@^1.0.1:
  version "1.0.1"
  resolved "https://registry.npm.taobao.org/require_optional/download/require_optional-1.0.1.tgz#4cf35a4247f64ca3df8c2ef208cc494b1ca8fc2e"
  integrity sha1-TPNaQkf2TKPfjC7yCMxJSxyo/C4=
  dependencies:
    resolve-from "^2.0.0"
    semver "^5.1.0"

resolve-from@^2.0.0:
  version "2.0.0"
  resolved "https://registry.npm.taobao.org/resolve-from/download/resolve-from-2.0.0.tgz#9480ab20e94ffa1d9e80a804c7ea147611966b57"
  integrity sha1-lICrIOlP+h2egKgEx+oUdhGWa1c=

responselike@^1.0.2:
  version "1.0.2"
  resolved "https://registry.npm.taobao.org/responselike/download/responselike-1.0.2.tgz#918720ef3b631c5642be068f15ade5a46f4ba1e7"
  integrity sha1-kYcg7ztjHFZCvgaPFa3lpG9Loec=
  dependencies:
    lowercase-keys "^1.0.0"

safe-buffer@5.1.2:
  version "5.1.2"
  resolved "https://registry.npm.taobao.org/safe-buffer/download/safe-buffer-5.1.2.tgz#991ec69d296e0313747d59bdfd2b745c35f8828d"
  integrity sha1-mR7GnSluAxN0fVm9/St0XDX4go0=

safe-buffer@^5.1.2:
  version "5.2.0"
  resolved "https://registry.npm.taobao.org/safe-buffer/download/safe-buffer-5.2.0.tgz#b74daec49b1148f88c64b68d49b1e815c1f2f519"
  integrity sha1-t02uxJsRSPiMZLaNSbHoFcHy9Rk=

"safer-buffer@>= 2.1.2 < 3":
  version "2.1.2"
  resolved "https://registry.npm.taobao.org/safer-buffer/download/safer-buffer-2.1.2.tgz#44fa161b0187b9549dd84bb91802f9bd8385cd6a"
  integrity sha1-RPoWGwGHuVSd2Eu5GAL5vYOFzWo=

sax@>=0.6.0:
  version "1.2.4"
  resolved "https://registry.npm.taobao.org/sax/download/sax-1.2.4.tgz#2816234e2378bddc4e5354fab5caa895df7100d9"
  integrity sha1-KBYjTiN4vdxOU1T6tcqold9xANk=

semver@^5.1.0:
  version "5.7.1"
  resolved "https://registry.npm.taobao.org/semver/download/semver-5.7.1.tgz?cache=0&sync_timestamp=1576601833267&other_urls=https%3A%2F%2Fregistry.npm.taobao.org%2Fsemver%2Fdownload%2Fsemver-5.7.1.tgz#a954f931aeba508d307bbf069eff0c01c96116f7"
  integrity sha1-qVT5Ma66UI0we78Gnv8MAclhFvc=

send@0.17.1:
  version "0.17.1"
  resolved "https://registry.npm.taobao.org/send/download/send-0.17.1.tgz#c1d8b059f7900f7466dd4938bdc44e11ddb376c8"
  integrity sha1-wdiwWfeQD3Rm3Uk4vcROEd2zdsg=
  dependencies:
    debug "2.6.9"
    depd "~1.1.2"
    destroy "~1.0.4"
    encodeurl "~1.0.2"
    escape-html "~1.0.3"
    etag "~1.8.1"
    fresh "0.5.2"
    http-errors "~1.7.2"
    mime "1.6.0"
    ms "2.1.1"
    on-finished "~2.3.0"
    range-parser "~1.2.1"
    statuses "~1.5.0"

serve-static@1.14.1:
  version "1.14.1"
  resolved "https://registry.npm.taobao.org/serve-static/download/serve-static-1.14.1.tgz#666e636dc4f010f7ef29970a88a674320898b2f9"
  integrity sha1-Zm5jbcTwEPfvKZcKiKZ0MgiYsvk=
  dependencies:
    encodeurl "~1.0.2"
    escape-html "~1.0.3"
    parseurl "~1.3.3"
    send "0.17.1"

setprototypeof@1.1.1:
  version "1.1.1"
  resolved "https://registry.npm.taobao.org/setprototypeof/download/setprototypeof-1.1.1.tgz#7e95acb24aa92f5885e0abef5ba131330d4ae683"
  integrity sha1-fpWsskqpL1iF4KvvW6ExMw1K5oM=

sift@7.0.1:
  version "7.0.1"
  resolved "https://registry.npm.taobao.org/sift/download/sift-7.0.1.tgz?cache=0&sync_timestamp=1575956138834&other_urls=https%3A%2F%2Fregistry.npm.taobao.org%2Fsift%2Fdownload%2Fsift-7.0.1.tgz#47d62c50b159d316f1372f8b53f9c10cd21a4b08"
  integrity sha1-R9YsULFZ0xbxNy+LU/nBDNIaSwg=

sliced@1.0.1:
  version "1.0.1"
  resolved "https://registry.npm.taobao.org/sliced/download/sliced-1.0.1.tgz#0b3a662b5d04c3177b1926bea82b03f837a2ef41"
  integrity sha1-CzpmK10Ewxd7GSa+qCsD+Dei70E=

"statuses@>= 1.5.0 < 2", statuses@~1.5.0:
  version "1.5.0"
  resolved "https://registry.npm.taobao.org/statuses/download/statuses-1.5.0.tgz#161c7dac177659fd9811f43771fa99381478628c"
  integrity sha1-Fhx9rBd2Wf2YEfQ3cfqZOBR4Yow=

string.prototype.trimleft@^2.1.1:
  version "2.1.1"
  resolved "https://registry.npm.taobao.org/string.prototype.trimleft/download/string.prototype.trimleft-2.1.1.tgz#9bdb8ac6abd6d602b17a4ed321870d2f8dcefc74"
  integrity sha1-m9uKxqvW1gKxek7TIYcNL43O/HQ=
  dependencies:
    define-properties "^1.1.3"
    function-bind "^1.1.1"

string.prototype.trimright@^2.1.1:
  version "2.1.1"
  resolved "https://registry.npm.taobao.org/string.prototype.trimright/download/string.prototype.trimright-2.1.1.tgz#440314b15996c866ce8a0341894d45186200c5d9"
  integrity sha1-RAMUsVmWyGbOigNBiU1FGGIAxdk=
  dependencies:
    define-properties "^1.1.3"
    function-bind "^1.1.1"

to-readable-stream@^1.0.0:
  version "1.0.0"
  resolved "https://registry.npm.taobao.org/to-readable-stream/download/to-readable-stream-1.0.0.tgz#ce0aa0c2f3df6adf852efb404a783e77c0475771"
  integrity sha1-zgqgwvPfat+FLvtASng+d8BHV3E=

toidentifier@1.0.0:
  version "1.0.0"
  resolved "https://registry.npm.taobao.org/toidentifier/download/toidentifier-1.0.0.tgz#7e1be3470f1e77948bc43d94a3c8f4d7752ba553"
  integrity sha1-fhvjRw8ed5SLxD2Uo8j013UrpVM=

type-is@~1.6.17, type-is@~1.6.18:
  version "1.6.18"
  resolved "https://registry.npm.taobao.org/type-is/download/type-is-1.6.18.tgz#4e552cd05df09467dcbc4ef739de89f2cf37c131"
  integrity sha1-TlUs0F3wlGfcvE73Od6J8s83wTE=
  dependencies:
    media-typer "0.3.0"
    mime-types "~2.1.24"

unpipe@1.0.0, unpipe@~1.0.0:
  version "1.0.0"
  resolved "https://registry.npm.taobao.org/unpipe/download/unpipe-1.0.0.tgz#b2bf4ee8514aae6165b4817829d21b2ef49904ec"
  integrity sha1-sr9O6FFKrmFltIF4KdIbLvSZBOw=

url-parse-lax@^3.0.0:
  version "3.0.0"
  resolved "https://registry.npm.taobao.org/url-parse-lax/download/url-parse-lax-3.0.0.tgz#16b5cafc07dbe3676c1b1999177823d6503acb0c"
  integrity sha1-FrXK/Afb42dsGxmZF3gj1lA6yww=
  dependencies:
    prepend-http "^2.0.0"

util.promisify@~1.0.0:
  version "1.0.0"
  resolved "https://registry.npm.taobao.org/util.promisify/download/util.promisify-1.0.0.tgz#440f7165a459c9a16dc145eb8e72f35687097030"
  integrity sha1-RA9xZaRZyaFtwUXrjnLzVocJcDA=
  dependencies:
    define-properties "^1.1.2"
    object.getownpropertydescriptors "^2.0.3"

utils-merge@1.0.1:
  version "1.0.1"
  resolved "https://registry.npm.taobao.org/utils-merge/download/utils-merge-1.0.1.tgz#9f95710f50a267947b2ccc124741c1028427e713"
  integrity sha1-n5VxD1CiZ5R7LMwSR0HBAoQn5xM=

vary@~1.1.2:
  version "1.1.2"
  resolved "https://registry.npm.taobao.org/vary/download/vary-1.1.2.tgz#2299f02c6ded30d4a5961b0b9f74524a18f634fc"
  integrity sha1-IpnwLG3tMNSllhsLn3RSShj2NPw=

wechat-jssdk@^5.0.3:
  version "5.0.3"
  resolved "https://registry.npm.taobao.org/wechat-jssdk/download/wechat-jssdk-5.0.3.tgz#8eb593277367734fa8d7b3abcd04a872bb6f1c2f"
  integrity sha1-jrWTJ3Nnc0+o17OrzQSocrtvHC8=
  dependencies:
    date-fns "2.4.1"
    debug "4.1.1"
    got "9.6.0"
    lodash.isempty "4.4.0"
    mongoose "5.7.5"
    xml2js "0.4.22"

wrappy@1:
  version "1.0.2"
  resolved "https://registry.npm.taobao.org/wrappy/download/wrappy-1.0.2.tgz#b5243d8f3ec1aa35f1364605bc0d1036e30ab69f"
  integrity sha1-tSQ9jz7BqjXxNkYFvA0QNuMKtp8=

xml2js@0.4.22:
  version "0.4.22"
  resolved "https://registry.npm.taobao.org/xml2js/download/xml2js-0.4.22.tgz#4fa2d846ec803237de86f30aa9b5f70b6600de02"
  integrity sha1-T6LYRuyAMjfehvMKqbX3C2YA3gI=
  dependencies:
    sax ">=0.6.0"
    util.promisify "~1.0.0"
    xmlbuilder "~11.0.0"

xmlbuilder@~11.0.0:
  version "11.0.1"
  resolved "https://registry.npm.taobao.org/xmlbuilder/download/xmlbuilder-11.0.1.tgz#be9bae1c8a046e76b31127726347d0ad7002beb3"
  integrity sha1-vpuuHIoEbnazESdyY0fQrXACvrM=

xtemplate-compiler@^5.0.9:
  version "5.0.9"
  resolved "https://registry.npm.taobao.org/xtemplate-compiler/download/xtemplate-compiler-5.0.9.tgz#0d2a5afb539918bdbec4ebb9866705fcc4ebd874"
  integrity sha1-DSpa+1OZGL2+xOu5hmcF/MTr2HQ=

xtemplate-runtime@^5.0.7:
  version "5.0.7"
  resolved "https://registry.npm.taobao.org/xtemplate-runtime/download/xtemplate-runtime-5.0.7.tgz#7b317686caaab4b5dfd8264c09a37b7058a64647"
  integrity sha1-ezF2hsqqtLXf2CZMCaN7cFimRkc=

xtemplate@^5.0.10:
  version "5.0.10"
  resolved "https://registry.npm.taobao.org/xtemplate/download/xtemplate-5.0.10.tgz#5d3bc59ad4fd75031be91c356a5424cf208b1a79"
  integrity sha1-XTvFmtT9dQMb6Rw1alQkzyCLGnk=
  dependencies:
    xtemplate-compiler "^5.0.9"
    xtemplate-runtime "^5.0.7"

xtpl@^3.4.2:
  version "3.4.2"
  resolved "https://registry.npm.taobao.org/xtpl/download/xtpl-3.4.2.tgz#c417750c91dc4978b949242a8bc17f9ccf1d3135"
  integrity sha1-xBd1DJHcSXi5SSQqi8F/nM8dMTU=
